
Microsoft Visual Studio Solution File, Format Version 12.00
# Visual Studio Version 17
VisualStudioVersion = 17.0.31903.59
MinimumVisualStudioVersion = 10.0.40219.1
Project("{2150E333-8FDC-42A3-9474-1A3956D46DE8}") = "src", "src", "{827E0CD3-B72D-47B6-A68D-7590B98EB39B}"
EndProject
Project("{FAE04EC0-301F-11D3-BF4B-00C04F79EFBC}") = "MutagenMon.Core", "src\MutagenMon.Core\MutagenMon.Core.csproj", "{AC3538CC-DEDB-49F8-8FF8-8B51C5995881}"
EndProject
Project("{FAE04EC0-301F-11D3-BF4B-00C04F79EFBC}") = "MutagenMon.Core.Tests", "src\MutagenMon.Core.Tests\MutagenMon.Core.Tests.csproj", "{DEBBC529-1059-4BD8-998F-00CFB24FC166}"
EndProject
Project("{FAE04EC0-301F-11D3-BF4B-00C04F79EFBC}") = "MutagenMon.App", "src\MutagenMon.App\MutagenMon.App.csproj", "{E59B7503-F7B2-46BE-A29A-542EA523BA83}"
EndProject
Global
	GlobalSection(SolutionConfigurationPlatforms) = preSolution
		Debug|Any CPU = Debug|Any CPU
		Debug|x64 = Debug|x64
		Debug|x86 = Debug|x86
		Release|Any CPU = Release|Any CPU
		Release|x64 = Release|x64
		Release|x86 = Release|x86
	EndGlobalSection
	GlobalSection(ProjectConfigurationPlatforms) = postSolution
		{AC3538CC-DEDB-49F8-8FF8-8B51C5995881}.Debug|Any CPU.ActiveCfg = Debug|Any CPU
		{AC3538CC-DEDB-49F8-8FF8-8B51C5995881}.Debug|Any CPU.Build.0 = Debug|Any CPU
		{AC3538CC-DEDB-49F8-8FF8-8B51C5995881}.Debug|x64.ActiveCfg = Debug|Any CPU
		{AC3538CC-DEDB-49F8-8FF8-8B51C5995881}.Debug|x64.Build.0 = Debug|Any CPU
		{AC3538CC-DEDB-49F8-8FF8-8B51C5995881}.Debug|x86.ActiveCfg = Debug|Any CPU
		{AC3538CC-DEDB-49F8-8FF8-8B51C5995881}.Debug|x86.Build.0 = Debug|Any CPU
		{AC3538CC-DEDB-49F8-8FF8-8B51C5995881}.Release|Any CPU.ActiveCfg = Release|Any CPU
		{AC3538CC-DEDB-49F8-8FF8-8B51C5995881}.Release|Any CPU.Build.0 = Release|Any CPU
		{AC3538CC-DEDB-49F8-8FF8-8B51C5995881}.Release|x64.ActiveCfg = Release|Any CPU
		{AC3538CC-DEDB-49F8-8FF8-8B51C5995881}.Release|x64.Build.0 = Release|Any CPU
		{AC3538CC-DEDB-49F8-8FF8-8B51C5995881}.Release|x86.ActiveCfg = Release|Any CPU
		{AC3538CC-DEDB-49F8-8FF8-8B51C5995881}.Release|x86.Build.0 = Release|Any CPU
		{DEBBC529-1059-4BD8-998F-00CFB24FC166}.Debug|Any CPU.ActiveCfg = Debug|Any CPU
		{DEBBC529-1059-4BD8-998F-00CFB24FC166}.Debug|Any CPU.Build.0 = Debug|Any CPU
		{DEBBC529-1059-4BD8-998F-00CFB24FC166}.Debug|x64.ActiveCfg = Debug|Any CPU
		{DEBBC529-1059-4BD8-998F-00CFB24FC166}.Debug|x64.Build.0 = Debug|Any CPU
		{DEBBC529-1059-4BD8-998F-00CFB24FC166}.Debug|x86.ActiveCfg = Debug|Any CPU
		{DEBBC529-1059-4BD8-998F-00CFB24FC166}.Debug|x86.Build.0 = Debug|Any CPU
		{DEBBC529-1059-4BD8-998F-00CFB24FC166}.Release|Any CPU.ActiveCfg = Release|Any CPU
		{DEBBC529-1059-4BD8-998F-00CFB24FC166}.Release|Any CPU.Build.0 = Release|Any CPU
		{DEBBC529-1059-4BD8-998F-00CFB24FC166}.Release|x64.ActiveCfg = Release|Any CPU
		{DEBBC529-1059-4BD8-998F-00CFB24FC166}.Release|x64.Build.0 = Release|Any CPU
		{DEBBC529-1059-4BD8-998F-00CFB24FC166}.Release|x86.ActiveCfg = Release|Any CPU
		{DEBBC529-1059-4BD8-998F-00CFB24FC166}.Release|x86.Build.0 = Release|Any CPU
		{E59B7503-F7B2-46BE-A29A-542EA523BA83}.Debug|Any CPU.ActiveCfg = Debug|Any CPU
		{E59B7503-F7B2-46BE-A29A-542EA523BA83}.Debug|Any CPU.Build.0 = Debug|Any CPU
		{E59B7503-F7B2-46BE-A29A-542EA523BA83}.Debug|x64.ActiveCfg = Debug|Any CPU
		{E59B7503-F7B2-46BE-A29A-542EA523BA83}.Debug|x64.Build.0 = Debug|Any CPU
		{E59B7503-F7B2-46BE-A29A-542EA523BA83}.Debug|x86.ActiveCfg = Debug|Any CPU
		{E59B7503-F7B2-46BE-A29A-542EA523BA83}.Debug|x86.Build.0 = Debug|Any CPU
		{E59B7503-F7B2-46BE-A29A-542EA523BA83}.Release|Any CPU.ActiveCfg = Release|Any CPU
		{E59B7503-F7B2-46BE-A29A-542EA523BA83}.Release|Any CPU.Build.0 = Release|Any CPU
		{E59B7503-F7B2-46BE-A29A-542EA523BA83}.Release|x64.ActiveCfg = Release|Any CPU
		{E59B7503-F7B2-46BE-A29A-542EA523BA83}.Release|x64.Build.0 = Release|Any CPU
		{E59B7503-F7B2-46BE-A29A-542EA523BA83}.Release|x86.ActiveCfg = Release|Any CPU
		{E59B7503-F7B2-46BE-A29A-542EA523BA83}.Release|x86.Build.0 = Release|Any CPU
	EndGlobalSection
	GlobalSection(SolutionProperties) = preSolution
		HideSolutionNode = FALSE
	EndGlobalSection
	GlobalSection(NestedProjects) = preSolution
		{AC3538CC-DEDB-49F8-8FF8-8B51C5995881} = {827E0CD3-B72D-47B6-A68D-7590B98EB39B}
		{DEBBC529-1059-4BD8-998F-00CFB24FC166} = {827E0CD3-B72D-47B6-A68D-7590B98EB39B}
		{E59B7503-F7B2-46BE-A29A-542EA523BA83} = {827E0CD3-B72D-47B6-A68D-7590B98EB39B}
	EndGlobalSection
EndGlobal
